{
  "name": "my-new-package",
  "version": "0.0.0-pre",
  "lockfileVersion": 1,
  "requires": true,
  "dependencies": {
    "@artdeco/npm-s": {
      "version": "1.0.1",
      "resolved": "https://registry.npmjs.org/@artdeco/npm-s/-/npm-s-1.0.1.tgz",
      "integrity": "sha512-dDvHrqRT4XDYQ/uVIlEwFw5ie/kbkAzjx/hc6AjxPU2OmTBS9qR5YkSwF4uphTV5jfQ+Ru2sl/UxlhQ6NeBdrA==",
      "dev": true
    },
    "@depack/nodejs": {
      "version": "1.1.4",
      "resolved": "https://registry.npmjs.org/@depack/nodejs/-/nodejs-1.1.4.tgz",
      "integrity": "sha512-vtmNtylOPNjFkQHOgC1M8Ru9c211FgtD3sG3KGS9dvlcHDUAiNoJ52gVwOep5Tkp0I4qmwPx3oyTV6OwKchmlg==",
      "dev": true
    },
    "@externs/nodejs": {
      "version": "1.5.0",
      "resolved": "https://registry.npmjs.org/@externs/nodejs/-/nodejs-1.5.0.tgz",
      "integrity": "sha512-2J+FRDjGfKKldTQ5YqLmhQ04/sA9swTQ6OTtPzo4xhg41u1+eiufciXiqW6u3UXEcmm413a27NakgnLbzfp0wQ==",
      "dev": true
    },
    "@mnpjs/licenses": {
      "version": "1.0.0",
      "resolved": "https://registry.npmjs.org/@mnpjs/licenses/-/licenses-1.0.0.tgz",
      "integrity": "sha512-Xp2SUndtz97AJ51nZpAfsA/HG5TZ7T770d2POaGUnXMrF9VgyyfziLLcG9rqquOgjaLKYda0anWWZdYKm2SCwg==",
      "dev": true
    },
    "@rqt/github": {
      "version": "1.3.1",
      "resolved": "https://registry.npmjs.org/@rqt/github/-/github-1.3.1.tgz",
      "integrity": "sha512-R5Pq6Xkhi4zbtHDY3Vx/ea9UuaShYxaDIgHEZputDTXcpFzBRCQIebMcYlpcZgQdtGu9O8tzwmBpKXC9UAxd5Q==",
      "dev": true
    },
    "@zoroaster/assert": {
      "version": "1.0.2",
      "resolved": "https://registry.npmjs.org/@zoroaster/assert/-/assert-1.0.2.tgz",
      "integrity": "sha512-5C0LDzW8DkiSSCLyYO9ux3R5ru65yEn/GtxH1wh7ukRhLAZ/Svx4+A81YvciXcn35B2VmvCqyiTrhNdxdgusSw==",
      "dev": true
    },
    "@zoroaster/mask": {
      "version": "2.6.1",
      "resolved": "https://registry.npmjs.org/@zoroaster/mask/-/mask-2.6.1.tgz",
      "integrity": "sha512-KTHuxgzt8cQCs53H/EEWc3MaPVNyZXrcTYGLY7soiIBJiAsTpBJezCEsWn14Qhrf0UTVGI6EDE0SYQS9hfSjVg==",
      "dev": true
    },
    "alamode": {
      "version": "3.5.2",
      "resolved": "https://registry.npmjs.org/alamode/-/alamode-3.5.2.tgz",
      "integrity": "sha512-lKEFyLAYj6I6WURR7YYaclGpQNPwCoPYkbYZSl5vka9n15cfZlSbPkrzivB6F6IXEkAtt7jGAl60V3qyPTEwdQ==",
      "dev": true
    },
    "argufy": {
      "version": "1.7.5",
      "resolved": "https://registry.npmjs.org/argufy/-/argufy-1.7.5.tgz",
      "integrity": "sha512-vc/AqYhXqQyDSTVRx2RNIlKNTwSdsVBP3Tp512kOCgzz8IIaHbdebVdi3PDRG1PUXv0oH/KBzdvDlS04fVV9Jg==",
      "dev": true
    },
    "depack": {
      "version": "1.1.2",
      "resolved": "https://registry.npmjs.org/depack/-/depack-1.1.2.tgz",
      "integrity": "sha512-OeL0S/ac8FvxDkx3d41yezRR0DGjjtcU/YCw/PVpxkOHAHJEgLGx+WZAdfNt2f5WGiS+Psh8xBJrOyQwalPRbg==",
      "dev": true,
      "requires": {
        "@depack/nodejs": "^1.1.4",
        "@externs/nodejs": "^1.5.0"
      }
    },
    "documentary": {
      "version": "1.37.1",
      "resolved": "https://registry.npmjs.org/documentary/-/documentary-1.37.1.tgz",
      "integrity": "sha512-UfmvSwHtWKe7I9NKPpvylLQNEvwUXGS/nKSfNJr1BYcNZRJ78xoNCcLhfLHSwZ3pdNTffDOSmLwfl/4nsTbYRA==",
      "dev": true,
      "requires": {
        "alamode": "^3.5.2",
        "preact": "8.5.3",
        "typal": "^1.26.2"
      }
    },
    "erte": {
      "version": "1.2.0",
      "resolved": "https://registry.npmjs.org/erte/-/erte-1.2.0.tgz",
      "integrity": "sha512-saxyNviRCvFENCyZ66O58cY8icaraVeQOgGks6ujsBeS7zf3yyjXrhyfMpERZo7SJH1KKdXcSQqgemxW6eIpjA==",
      "dev": true
    },
    "eslint-config-artdeco": {
      "version": "1.0.1",
      "resolved": "https://registry.npmjs.org/eslint-config-artdeco/-/eslint-config-artdeco-1.0.1.tgz",
      "integrity": "sha1-RFHJ0O0c5NM9/UOmMV8SyL+wQnQ=",
      "dev": true
    },
    "indicatrix": {
      "version": "1.4.1",
      "resolved": "https://registry.npmjs.org/indicatrix/-/indicatrix-1.4.1.tgz",
      "integrity": "sha512-l/MrxZip0Zrf5HrnLTrV+6CxTfQBLp+8uAc1Pwcte5cMl9vMMupEaJziJujXKmXIKb0qk9pAclcpf+sTJJgTqQ==",
      "dev": true
    },
    "mnp": {
      "version": "1.2.1",
      "resolved": "https://registry.npmjs.org/mnp/-/mnp-1.2.1.tgz",
      "integrity": "sha512-CctfTh3eg9binZavoWxKNr8RSnItE4tx59z1zNl/eEcC5L/Mu5ihcKM/GHXBcO0s+n2GOzXh+tEQFEQfgo76Hg==",
      "dev": true,
      "requires": {
        "@mnpjs/licenses": "^1.0.0",
        "@rqt/github": "^1.3.1",
        "alamode": "^3.5.2"
      }
    },
    "preact": {
      "version": "8.5.3",
      "resolved": "https://registry.npmjs.org/preact/-/preact-8.5.3.tgz",
      "integrity": "sha512-O3kKP+1YdgqHOFsZF2a9JVdtqD+RPzCQc3rP+Ualf7V6rmRDchZ9MJbiGTT7LuyqFKZqlHSOyO/oMFmI2lVTsw==",
      "dev": true
    },
    "typal": {
      "version": "1.26.2",
      "resolved": "https://registry.npmjs.org/typal/-/typal-1.26.2.tgz",
      "integrity": "sha512-ljiVBveC6U4a83g0NBGW2JaYHT7bsUitxYtaznQAHppGgG8XScx4oZjd6zaqv0QpfOb6MMmqrMLGuGG2xl/xgw==",
      "dev": true
    },
    "usually": {
      "version": "1.2.0",
      "resolved": "https://registry.npmjs.org/usually/-/usually-1.2.0.tgz",
      "integrity": "sha512-/PIDu3pkZNqYdzOr0Cyq2q8FP3ziBISOvVJtZcypg3BygIW/W618oF4dtK4mhCxbk3bUzrfTbCxDWCCr85bq/g==",
      "dev": true
    },
    "yarn-s": {
      "version": "1.2.3",
      "resolved": "https://registry.npmjs.org/yarn-s/-/yarn-s-1.2.3.tgz",
      "integrity": "sha512-XNV6KYcT6LCLlogwbArTrn8wlqYVnlR+MqAZULxNVaShw7qrBx5PjsNSIMbKFIRxPKdjisv7O8oBg9mWY63Tvw==",
      "dev": true
    },
    "zoroaster": {
      "version": "4.3.0",
      "resolved": "https://registry.npmjs.org/zoroaster/-/zoroaster-4.3.0.tgz",
      "integrity": "sha512-OGZuacxTM6TT8n/wCcDTO7p8mAioBxztTofXqh6ck2tJ3UNFdlKN1UYwU2V6go+v4/tH8jZE1jf+sIMFrH4RkA==",
      "dev": true,
      "requires": {
        "@zoroaster/assert": "^1.0.2",
        "@zoroaster/mask": "^2.5.0",
        "alamode": "^3.3.3"
      }
    }
  }
}
